
Microsoft Visual Studio Solution File, Format Version 12.00
# Visual Studio Version 17
VisualStudioVersion = 17.8.34322.80
MinimumVisualStudioVersion = 10.0.40219.1
Project("{FAE04EC0-301F-11D3-BF4B-00C04F79EFBC}") = "Grupp3Auktionsajt.Api", "Grupp3Auktionsajt.Api\Grupp3Auktionsajt.Api.csproj", "{352AE5E5-F419-4515-8E7C-4368352498D3}"
EndProject
Global
	GlobalSection(SolutionConfigurationPlatforms) = preSolution
		Debug|Any CPU = Debug|Any CPU
		Release|Any CPU = Release|Any CPU
	EndGlobalSection
	GlobalSection(ProjectConfigurationPlatforms) = postSolution
		{352AE5E5-F419-4515-8E7C-4368352498D3}.Debug|Any CPU.ActiveCfg = Debug|Any CPU
		{352AE5E5-F419-4515-8E7C-4368352498D3}.Debug|Any CPU.Build.0 = Debug|Any CPU
		{352AE5E5-F419-4515-8E7C-4368352498D3}.Release|Any CPU.ActiveCfg = Release|Any CPU
		{352AE5E5-F419-4515-8E7C-4368352498D3}.Release|Any CPU.Build.0 = Release|Any CPU
	EndGlobalSection
	GlobalSection(SolutionProperties) = preSolution
		HideSolutionNode = FALSE
	EndGlobalSection
	GlobalSection(ExtensibilityGlobals) = postSolution
		SolutionGuid = {A90FDF9F-E115-48FA-B39F-89BA08FC4C21}
	EndGlobalSection
EndGlobal
